<?xml version="1.0" encoding="utf-8"?>
<Project ToolsVersion="4.0" xmlns="http://schemas.microsoft.com/developer/msbuild/2003">
  <ItemGroup>
    <Filter Include="Util">
      <UniqueIdentifier>{48b4e8f6-7489-429b-a5b9-2ccb352a648e}</UniqueIdentifier>
    </Filter>
    <Filter Include="WorkerThread">
      <UniqueIdentifier>{24170366-6751-46fa-9d96-f09c66d6ee1a}</UniqueIdentifier>
    </Filter>
    <Filter Include="main">
      <UniqueIdentifier>{4FC737F1-C7A5-4376-A066-2A32D752A2FF}</UniqueIdentifier>
      <Extensions>cpp;c;cc;cxx;c++;cppm;ixx;def;odl;idl;hpj;bat;asm;asmx</Extensions>
    </Filter>
  </ItemGroup>
  <ItemGroup>
    <ClCompile Include="main.cpp">
      <Filter>main</Filter>
    </ClCompile>
    <ClCompile Include="RingBuffer.cpp">
      <Filter>Util</Filter>
    </ClCompile>
    <ClCompile Include="WorkerThread.cpp">
      <Filter>WorkerThread</Filter>
    </ClCompile>
    <ClCompile Include="Protocol.cpp">
      <Filter>Util</Filter>
    </ClCompile>
  </ItemGroup>
  <ItemGroup>
    <ClInclude Include="RingBuffer.h">
      <Filter>Util</Filter>
    </ClInclude>
    <ClInclude Include="WorkerThread.h">
      <Filter>WorkerThread</Filter>
    </ClInclude>
    <ClInclude Include="Protocol.h">
      <Filter>Util</Filter>
    </ClInclude>
  </ItemGroup>
</Project>